
Microsoft Visual Studio Solution File, Format Version 12.00
Project("{2150E333-8FDC-42A3-9474-1A3956D46DE8}") = "src", "src", "{3BFA5947-A904-4342-8B2D-FCF9CEC0CA6C}"
EndProject
Project("{2150E333-8FDC-42A3-9474-1A3956D46DE8}") = "common", "common", "{558636A1-EE87-4ADE-9F9C-879D8541BC9B}"
	ProjectSection(SolutionItems) = preProject
		redis.yaml = redis.yaml
	EndProjectSection
EndProject
Project("{FAE04EC0-301F-11D3-BF4B-00C04F79EFBC}") = "CacheAside", "src\CacheAside\CacheAside.csproj", "{1FDD2F42-F797-4C46-9F3A-C31D470473D4}"
EndProject
Project("{FAE04EC0-301F-11D3-BF4B-00C04F79EFBC}") = "Output", "src\Output\Output.csproj", "{98DBA930-3F59-4E7D-B2AC-ED1D8377255F}"
EndProject
Global
	GlobalSection(SolutionConfigurationPlatforms) = preSolution
		Debug|Any CPU = Debug|Any CPU
		Release|Any CPU = Release|Any CPU
	EndGlobalSection
	GlobalSection(NestedProjects) = preSolution
		{1FDD2F42-F797-4C46-9F3A-C31D470473D4} = {3BFA5947-A904-4342-8B2D-FCF9CEC0CA6C}
		{98DBA930-3F59-4E7D-B2AC-ED1D8377255F} = {3BFA5947-A904-4342-8B2D-FCF9CEC0CA6C}
	EndGlobalSection
	GlobalSection(ProjectConfigurationPlatforms) = postSolution
		{1FDD2F42-F797-4C46-9F3A-C31D470473D4}.Debug|Any CPU.ActiveCfg = Debug|Any CPU
		{1FDD2F42-F797-4C46-9F3A-C31D470473D4}.Debug|Any CPU.Build.0 = Debug|Any CPU
		{1FDD2F42-F797-4C46-9F3A-C31D470473D4}.Release|Any CPU.ActiveCfg = Release|Any CPU
		{1FDD2F42-F797-4C46-9F3A-C31D470473D4}.Release|Any CPU.Build.0 = Release|Any CPU
		{98DBA930-3F59-4E7D-B2AC-ED1D8377255F}.Debug|Any CPU.ActiveCfg = Debug|Any CPU
		{98DBA930-3F59-4E7D-B2AC-ED1D8377255F}.Debug|Any CPU.Build.0 = Debug|Any CPU
		{98DBA930-3F59-4E7D-B2AC-ED1D8377255F}.Release|Any CPU.ActiveCfg = Release|Any CPU
		{98DBA930-3F59-4E7D-B2AC-ED1D8377255F}.Release|Any CPU.Build.0 = Release|Any CPU
	EndGlobalSection
EndGlobal
